
Microsoft Visual Studio Solution File, Format Version 12.00
# Visual Studio Version 16
VisualStudioVersion = 16.0.29519.87
MinimumVisualStudioVersion = 10.0.40219.1
Project("{2150E333-8FDC-42A3-9474-1A3956D46DE8}") = "Solution Items", "Solution Items", "{7E5A1E5F-6F51-4743-ABBD-DF0DC9ADBB44}"
	ProjectSection(SolutionItems) = preProject
		README.md = README.md
		SharedAssemblyInfo.cs = SharedAssemblyInfo.cs
	EndProjectSection
EndProject
Project("{FAE04EC0-301F-11D3-BF4B-00C04F79EFBC}") = "HelloApi", "HelloApi\HelloApi.csproj", "{EB903454-33A0-44F4-AA30-4F105C714470}"
EndProject
Project("{FAE04EC0-301F-11D3-BF4B-00C04F79EFBC}") = "HelloApi.Tests", "HelloApi.Tests\HelloApi.Tests.csproj", "{CA99DA73-B2D8-45A2-AF7D-93BE3FFD8EA3}"
EndProject
Global
	GlobalSection(SolutionConfigurationPlatforms) = preSolution
		Debug|Any CPU = Debug|Any CPU
		Release|Any CPU = Release|Any CPU
	EndGlobalSection
	GlobalSection(ProjectConfigurationPlatforms) = postSolution
		{EB903454-33A0-44F4-AA30-4F105C714470}.Debug|Any CPU.ActiveCfg = Debug|Any CPU
		{EB903454-33A0-44F4-AA30-4F105C714470}.Debug|Any CPU.Build.0 = Debug|Any CPU
		{EB903454-33A0-44F4-AA30-4F105C714470}.Release|Any CPU.ActiveCfg = Release|Any CPU
		{EB903454-33A0-44F4-AA30-4F105C714470}.Release|Any CPU.Build.0 = Release|Any CPU
		{CA99DA73-B2D8-45A2-AF7D-93BE3FFD8EA3}.Debug|Any CPU.ActiveCfg = Debug|Any CPU
		{CA99DA73-B2D8-45A2-AF7D-93BE3FFD8EA3}.Debug|Any CPU.Build.0 = Debug|Any CPU
		{CA99DA73-B2D8-45A2-AF7D-93BE3FFD8EA3}.Release|Any CPU.ActiveCfg = Release|Any CPU
		{CA99DA73-B2D8-45A2-AF7D-93BE3FFD8EA3}.Release|Any CPU.Build.0 = Release|Any CPU
	EndGlobalSection
	GlobalSection(SolutionProperties) = preSolution
		HideSolutionNode = FALSE
	EndGlobalSection
	GlobalSection(ExtensibilityGlobals) = postSolution
		SolutionGuid = {DCA74ACA-E3EC-4D2B-9220-638E1BD58419}
	EndGlobalSection
EndGlobal
